
Microsoft Visual Studio Solution File, Format Version 12.00
Project("{FAE04EC0-301F-11D3-BF4B-00C04F79EFBC}") = "UserManagement.Api", "UserManagement.Api\UserManagement.Api.csproj", "{DF668B23-A25B-49E7-8EF0-B34471D49FD5}"
EndProject
Project("{FAE04EC0-301F-11D3-BF4B-00C04F79EFBC}") = "UserManagement.Application", "UserManagement.Application\UserManagement.Application.csproj", "{510AD820-BD70-4C40-89C0-159465BD3A1B}"
EndProject
Project("{FAE04EC0-301F-11D3-BF4B-00C04F79EFBC}") = "UserManagement.Domain", "UserManagement.Domain\UserManagement.Domain.csproj", "{84DB18B2-0062-4AAA-ABB5-1857C704EDE0}"
EndProject
Project("{FAE04EC0-301F-11D3-BF4B-00C04F79EFBC}") = "UserManagement.Infrastructure", "UserManagement.Infrastructure\UserManagement.Infrastructure.csproj", "{D1F21B6A-2BAF-45E6-869B-CC3D76F7BD02}"
EndProject
Global
	GlobalSection(SolutionConfigurationPlatforms) = preSolution
		Debug|Any CPU = Debug|Any CPU
		Release|Any CPU = Release|Any CPU
	EndGlobalSection
	GlobalSection(ProjectConfigurationPlatforms) = postSolution
		{DF668B23-A25B-49E7-8EF0-B34471D49FD5}.Debug|Any CPU.ActiveCfg = Debug|Any CPU
		{DF668B23-A25B-49E7-8EF0-B34471D49FD5}.Debug|Any CPU.Build.0 = Debug|Any CPU
		{DF668B23-A25B-49E7-8EF0-B34471D49FD5}.Release|Any CPU.ActiveCfg = Release|Any CPU
		{DF668B23-A25B-49E7-8EF0-B34471D49FD5}.Release|Any CPU.Build.0 = Release|Any CPU
		{510AD820-BD70-4C40-89C0-159465BD3A1B}.Debug|Any CPU.ActiveCfg = Debug|Any CPU
		{510AD820-BD70-4C40-89C0-159465BD3A1B}.Debug|Any CPU.Build.0 = Debug|Any CPU
		{510AD820-BD70-4C40-89C0-159465BD3A1B}.Release|Any CPU.ActiveCfg = Release|Any CPU
		{510AD820-BD70-4C40-89C0-159465BD3A1B}.Release|Any CPU.Build.0 = Release|Any CPU
		{84DB18B2-0062-4AAA-ABB5-1857C704EDE0}.Debug|Any CPU.ActiveCfg = Debug|Any CPU
		{84DB18B2-0062-4AAA-ABB5-1857C704EDE0}.Debug|Any CPU.Build.0 = Debug|Any CPU
		{84DB18B2-0062-4AAA-ABB5-1857C704EDE0}.Release|Any CPU.ActiveCfg = Release|Any CPU
		{84DB18B2-0062-4AAA-ABB5-1857C704EDE0}.Release|Any CPU.Build.0 = Release|Any CPU
		{D1F21B6A-2BAF-45E6-869B-CC3D76F7BD02}.Debug|Any CPU.ActiveCfg = Debug|Any CPU
		{D1F21B6A-2BAF-45E6-869B-CC3D76F7BD02}.Debug|Any CPU.Build.0 = Debug|Any CPU
		{D1F21B6A-2BAF-45E6-869B-CC3D76F7BD02}.Release|Any CPU.ActiveCfg = Release|Any CPU
		{D1F21B6A-2BAF-45E6-869B-CC3D76F7BD02}.Release|Any CPU.Build.0 = Release|Any CPU
	EndGlobalSection
EndGlobal
